
Microsoft Visual Studio Solution File, Format Version 12.00
# Visual Studio Version 17
VisualStudioVersion = 17.14.36429.23
MinimumVisualStudioVersion = 10.0.40219.1
Project("{FAE04EC0-301F-11D3-BF4B-00C04F79EFBC}") = "WebTechLab1TaskTracker", "WebTechLab1TaskTracker\WebTechLab1TaskTracker.csproj", "{18D9E622-5652-4FFE-B09D-39A376F4CC6D}"
EndProject
Project("{2150E333-8FDC-42A3-9474-1A3956D46DE8}") = ".github", ".github", "{02EA681E-C7D8-13C7-8484-4AC65E1B71E8}"
EndProject
Project("{2150E333-8FDC-42A3-9474-1A3956D46DE8}") = "workflows", "workflows", "{EA0F08AB-32A8-49F5-B6D1-1885D5F9D5C1}"
	ProjectSection(SolutionItems) = preProject
		deploy.yml = deploy.yml
	EndProjectSection
EndProject
Global
	GlobalSection(SolutionConfigurationPlatforms) = preSolution
		Debug|Any CPU = Debug|Any CPU
		Release|Any CPU = Release|Any CPU
	EndGlobalSection
	GlobalSection(ProjectConfigurationPlatforms) = postSolution
		{18D9E622-5652-4FFE-B09D-39A376F4CC6D}.Debug|Any CPU.ActiveCfg = Debug|Any CPU
		{18D9E622-5652-4FFE-B09D-39A376F4CC6D}.Debug|Any CPU.Build.0 = Debug|Any CPU
		{18D9E622-5652-4FFE-B09D-39A376F4CC6D}.Release|Any CPU.ActiveCfg = Release|Any CPU
		{18D9E622-5652-4FFE-B09D-39A376F4CC6D}.Release|Any CPU.Build.0 = Release|Any CPU
	EndGlobalSection
	GlobalSection(SolutionProperties) = preSolution
		HideSolutionNode = FALSE
	EndGlobalSection
	GlobalSection(NestedProjects) = preSolution
		{EA0F08AB-32A8-49F5-B6D1-1885D5F9D5C1} = {02EA681E-C7D8-13C7-8484-4AC65E1B71E8}
	EndGlobalSection
	GlobalSection(ExtensibilityGlobals) = postSolution
		SolutionGuid = {7B56A4F9-A69E-4B27-BFB1-C33416C301CC}
	EndGlobalSection
EndGlobal
